
Microsoft Visual Studio Solution File, Format Version 12.00
# Visual Studio 15
Project("{FAE04EC0-301F-11D3-BF4B-00C04F79EFBC}") = "StocksWebApp", "StocksWebApp.csproj", "{259DB20D-6D7A-44B0-8980-CA0361900886}"
EndProject
Global
	GlobalSection(SolutionConfigurationPlatforms) = preSolution
		Debug|Any CPU = Debug|Any CPU
		Release|Any CPU = Release|Any CPU
	EndGlobalSection
	GlobalSection(ProjectConfigurationPlatforms) = postSolution
		{259DB20D-6D7A-44B0-8980-CA0361900886}.Debug|Any CPU.ActiveCfg = Debug|Any CPU
		{259DB20D-6D7A-44B0-8980-CA0361900886}.Debug|Any CPU.Build.0 = Debug|Any CPU
		{259DB20D-6D7A-44B0-8980-CA0361900886}.Release|Any CPU.ActiveCfg = Release|Any CPU
		{259DB20D-6D7A-44B0-8980-CA0361900886}.Release|Any CPU.Build.0 = Release|Any CPU
	EndGlobalSection
EndGlobal
